// !$*UTF8*$!
{
	archiveVersion = 1;
	classes = {
	};
	objectVersion = 50;
	objects = {

/* Begin PBXBuildFile section */
		3E567447226A8D270046CF06 /* SentMemesCollectionViewController.swift in Sources */ = {isa = PBXBuildFile; fileRef = 3E567446226A8D270046CF06 /* SentMemesCollectionViewController.swift */; };
		3E567449226A8D900046CF06 /* SentMemesTableVC.swift in Sources */ = {isa = PBXBuildFile; fileRef = 3E567448226A8D900046CF06 /* SentMemesTableVC.swift */; };
		3E56744F226A98040046CF06 /* Meme.swift in Sources */ = {isa = PBXBuildFile; fileRef = 3E56744E226A98040046CF06 /* Meme.swift */; };
		3EB3C77F226CF611002AA3F7 /* MemesCollectionViewCell.swift in Sources */ = {isa = PBXBuildFile; fileRef = 3EB3C77E226CF611002AA3F7 /* MemesCollectionViewCell.swift */; };
		3EB3C781226D00A8002AA3F7 /* MemesDetailViewController.swift in Sources */ = {isa = PBXBuildFile; fileRef = 3EB3C780226D00A8002AA3F7 /* MemesDetailViewController.swift */; };
		3EFA0F7A2261091600FA4635 /* AppDelegate.swift in Sources */ = {isa = PBXBuildFile; fileRef = 3EFA0F792261091600FA4635 /* AppDelegate.swift */; };
		3EFA0F7C2261091600FA4635 /* MemeViewController.swift in Sources */ = {isa = PBXBuildFile; fileRef = 3EFA0F7B2261091600FA4635 /* MemeViewController.swift */; };
		3EFA0F7F2261091600FA4635 /* Main.storyboard in Resources */ = {isa = PBXBuildFile; fileRef = 3EFA0F7D2261091600FA4635 /* Main.storyboard */; };
		3EFA0F812261091F00FA4635 /* Assets.xcassets in Resources */ = {isa = PBXBuildFile; fileRef = 3EFA0F802261091F00FA4635 /* Assets.xcassets */; };
		3EFA0F842261091F00FA4635 /* LaunchScreen.storyboard in Resources */ = {isa = PBXBuildFile; fileRef = 3EFA0F822261091F00FA4635 /* LaunchScreen.storyboard */; };
/* End PBXBuildFile section */

/* Begin PBXContainerItemProxy section */
		3EFA0F8B2261092000FA4635 /* PBXContainerItemProxy */ = {
			isa = PBXContainerItemProxy;
			containerPortal = 3EFA0F6E2261091600FA4635 /* Project object */;
			proxyType = 1;
			remoteGlobalIDString = 3EFA0F752261091600FA4635;
			remoteInfo = "MemeMe 1.0";
		};
/* End PBXContainerItemProxy section */

/* Begin PBXFileReference section */
		3E567446226A8D270046CF06 /* SentMemesCollectionViewController.swift */ = {isa = PBXFileReference; lastKnownFileType = sourcecode.swift; path = SentMemesCollectionViewController.swift; sourceTree = "<group>"; };
		3E567448226A8D900046CF06 /* SentMemesTableVC.swift */ = {isa = PBXFileReference; lastKnownFileType = sourcecode.swift; path = SentMemesTableVC.swift; sourceTree = "<group>"; };
		3E56744E226A98040046CF06 /* Meme.swift */ = {isa = PBXFileReference; lastKnownFileType = sourcecode.swift; path = Meme.swift; sourceTree = "<group>"; };
		3EB3C77E226CF611002AA3F7 /* MemesCollectionViewCell.swift */ = {isa = PBXFileReference; lastKnownFileType = sourcecode.swift; path = MemesCollectionViewCell.swift; sourceTree = "<group>"; };
		3EB3C780226D00A8002AA3F7 /* MemesDetailViewController.swift */ = {isa = PBXFileReference; lastKnownFileType = sourcecode.swift; path = MemesDetailViewController.swift; sourceTree = "<group>"; };
		3EFA0F762261091600FA4635 /* MemeMe 1.0.app */ = {isa = PBXFileReference; explicitFileType = wrapper.application; includeInIndex = 0; path = "MemeMe 1.0.app"; sourceTree = BUILT_PRODUCTS_DIR; };
		3EFA0F792261091600FA4635 /* AppDelegate.swift */ = {isa = PBXFileReference; lastKnownFileType = sourcecode.swift; path = AppDelegate.swift; sourceTree = "<group>"; };
		3EFA0F7B2261091600FA4635 /* MemeViewController.swift */ = {isa = PBXFileReference; lastKnownFileType = sourcecode.swift; path = MemeViewController.swift; sourceTree = "<group>"; };
		3EFA0F7E2261091600FA4635 /* Base */ = {isa = PBXFileReference; lastKnownFileType = file.storyboard; name = Base; path = Base.lproj/Main.storyboard; sourceTree = "<group>"; };
		3EFA0F802261091F00FA4635 /* Assets.xcassets */ = {isa = PBXFileReference; lastKnownFileType = folder.assetcatalog; path = Assets.xcassets; sourceTree = "<group>"; };
		3EFA0F832261091F00FA4635 /* Base */ = {isa = PBXFileReference; lastKnownFileType = file.storyboard; name = Base; path = Base.lproj/LaunchScreen.storyboard; sourceTree = "<group>"; };
		3EFA0F852261091F00FA4635 /* Info.plist */ = {isa = PBXFileReference; lastKnownFileType = text.plist.xml; path = Info.plist; sourceTree = "<group>"; };
		3EFA0F8A2261092000FA4635 /* MemeMe 1.0Tests.xctest */ = {isa = PBXFileReference; explicitFileType = wrapper.cfbundle; includeInIndex = 0; path = "MemeMe 1.0Tests.xctest"; sourceTree = BUILT_PRODUCTS_DIR; };
/* End PBXFileReference section */

/* Begin PBXFrameworksBuildPhase section */
		3EFA0F732261091600FA4635 /* Frameworks */ = {
			isa = PBXFrameworksBuildPhase;
			buildActionMask = 2147483647;
			files = (
			);
			runOnlyForDeploymentPostprocessing = 0;
		};
		3EFA0F872261092000FA4635 /* Frameworks */ = {
			isa = PBXFrameworksBuildPhase;
			buildActionMask = 2147483647;
			files = (
			);
			runOnlyForDeploymentPostprocessing = 0;
		};
/* End PBXFrameworksBuildPhase section */

/* Begin PBXGroup section */
		3EFA0F6D2261091600FA4635 = {
			isa = PBXGroup;
			children = (
				3EFA0F782261091600FA4635 /* MemeMe 1.0 */,
				3EFA0F772261091600FA4635 /* Products */,
			);
			sourceTree = "<group>";
		};
		3EFA0F772261091600FA4635 /* Products */ = {
			isa = PBXGroup;
			children = (
				3EFA0F762261091600FA4635 /* MemeMe 1.0.app */,
				3EFA0F8A2261092000FA4635 /* MemeMe 1.0Tests.xctest */,
			);
			name = Products;
			sourceTree = "<group>";
		};
		3EFA0F782261091600FA4635 /* MemeMe 1.0 */ = {
			isa = PBXGroup;
			children = (
				3EFA0F792261091600FA4635 /* AppDelegate.swift */,
				3EFA0F7B2261091600FA4635 /* MemeViewController.swift */,
				3E567446226A8D270046CF06 /* SentMemesCollectionViewController.swift */,
				3E567448226A8D900046CF06 /* SentMemesTableVC.swift */,
				3EFA0F7D2261091600FA4635 /* Main.storyboard */,
				3E56744E226A98040046CF06 /* Meme.swift */,
				3EB3C77E226CF611002AA3F7 /* MemesCollectionViewCell.swift */,
				3EB3C780226D00A8002AA3F7 /* MemesDetailViewController.swift */,
				3EFA0F802261091F00FA4635 /* Assets.xcassets */,
				3EFA0F822261091F00FA4635 /* LaunchScreen.storyboard */,
				3EFA0F852261091F00FA4635 /* Info.plist */,
			);
			path = "MemeMe 1.0";
			sourceTree = "<group>";
		};
/* End PBXGroup section */

/* Begin PBXNativeTarget section */
		3EFA0F752261091600FA4635 /* MemeMe 1.0 */ = {
			isa = PBXNativeTarget;
			buildConfigurationList = 3EFA0F932261092000FA4635 /* Build configuration list for PBXNativeTarget "MemeMe 1.0" */;
			buildPhases = (
				3EFA0F722261091600FA4635 /* Sources */,
				3EFA0F732261091600FA4635 /* Frameworks */,
				3EFA0F742261091600FA4635 /* Resources */,
			);
			buildRules = (
			);
			dependencies = (
			);
			name = "MemeMe 1.0";
			productName = "MemeMe 1.0";
			productReference = 3EFA0F762261091600FA4635 /* MemeMe 1.0.app */;
			productType = "com.apple.product-type.application";
		};
		3EFA0F892261092000FA4635 /* MemeMe 1.0Tests */ = {
			isa = PBXNativeTarget;
			buildConfigurationList = 3EFA0F962261092000FA4635 /* Build configuration list for PBXNativeTarget "MemeMe 1.0Tests" */;
			buildPhases = (
				3EFA0F862261092000FA4635 /* Sources */,
				3EFA0F872261092000FA4635 /* Frameworks */,
				3EFA0F882261092000FA4635 /* Resources */,
			);
			buildRules = (
			);
			dependencies = (
				3EFA0F8C2261092000FA4635 /* PBXTargetDependency */,
			);
			name = "MemeMe 1.0Tests";
			productName = "MemeMe 1.0Tests";
			productReference = 3EFA0F8A2261092000FA4635 /* MemeMe 1.0Tests.xctest */;
			productType = "com.apple.product-type.bundle.unit-test";
		};
/* End PBXNativeTarget section */

/* Begin PBXProject section */
		3EFA0F6E2261091600FA4635 /* Project object */ = {
			isa = PBXProject;
			attributes = {
				LastSwiftUpdateCheck = 1010;
				LastUpgradeCheck = 1010;
				ORGANIZATIONNAME = Asmahero;
				TargetAttributes = {
					3EFA0F752261091600FA4635 = {
						CreatedOnToolsVersion = 10.1;
					};
					3EFA0F892261092000FA4635 = {
						CreatedOnToolsVersion = 10.1;
						TestTargetID = 3EFA0F752261091600FA4635;
					};
				};
			};
			buildConfigurationList = 3EFA0F712261091600FA4635 /* Build configuration list for PBXProject "MemeMe 1.0" */;
			compatibilityVersion = "Xcode 9.3";
			developmentRegion = en;
			hasScannedForEncodings = 0;
			knownRegions = (
				en,
				Base,
			);
			mainGroup = 3EFA0F6D2261091600FA4635;
			productRefGroup = 3EFA0F772261091600FA4635 /* Products */;
			projectDirPath = "";
			projectRoot = "";
			targets = (
				3EFA0F752261091600FA4635 /* MemeMe 1.0 */,
				3EFA0F892261092000FA4635 /* MemeMe 1.0Tests */,
			);
		};
/* End PBXProject section */

/* Begin PBXResourcesBuildPhase section */
		3EFA0F742261091600FA4635 /* Resources */ = {
			isa = PBXResourcesBuildPhase;
			buildActionMask = 2147483647;
			files = (
				3EFA0F842261091F00FA4635 /* LaunchScreen.storyboard in Resources */,
				3EFA0F812261091F00FA4635 /* Assets.xcassets in Resources */,
				3EFA0F7F2261091600FA4635 /* Main.storyboard in Resources */,
			);
			runOnlyForDeploymentPostprocessing = 0;
		};
		3EFA0F882261092000FA4635 /* Resources */ = {
			isa = PBXResourcesBuildPhase;
			buildActionMask = 2147483647;
			files = (
			);
			runOnlyForDeploymentPostprocessing = 0;
		};
/* End PBXResourcesBuildPhase section */

/* Begin PBXSourcesBuildPhase section */
		3EFA0F722261091600FA4635 /* Sources */ = {
			isa = PBXSourcesBuildPhase;
			buildActionMask = 2147483647;
			files = (
				3EFA0F7C2261091600FA4635 /* MemeViewController.swift in Sources */,
				3EFA0F7A2261091600FA4635 /* AppDelegate.swift in Sources */,
				3EB3C77F226CF611002AA3F7 /* MemesCollectionViewCell.swift in Sources */,
				3E567447226A8D270046CF06 /* SentMemesCollectionViewController.swift in Sources */,
				3E567449226A8D900046CF06 /* SentMemesTableVC.swift in Sources */,
				3EB3C781226D00A8002AA3F7 /* MemesDetailViewController.swift in Sources */,
				3E56744F226A98040046CF06 /* Meme.swift in Sources */,
			);
			runOnlyForDeploymentPostprocessing = 0;
		};
		3EFA0F862261092000FA4635 /* Sources */ = {
			isa = PBXSourcesBuildPhase;
			buildActionMask = 2147483647;
			files = (
			);
			runOnlyForDeploymentPostprocessing = 0;
		};
/* End PBXSourcesBuildPhase section */

/* Begin PBXTargetDependency section */
		3EFA0F8C2261092000FA4635 /* PBXTargetDependency */ = {
			isa = PBXTargetDependency;
			target = 3EFA0F752261091600FA4635 /* MemeMe 1.0 */;
			targetProxy = 3EFA0F8B2261092000FA4635 /* PBXContainerItemProxy */;
		};
/* End PBXTargetDependency section */

/* Begin PBXVariantGroup section */
		3EFA0F7D2261091600FA4635 /* Main.storyboard */ = {
			isa = PBXVariantGroup;
			children = (
				3EFA0F7E2261091600FA4635 /* Base */,
			);
			name = Main.storyboard;
			sourceTree = "<group>";
		};
		3EFA0F822261091F00FA4635 /* LaunchScreen.storyboard */ = {
			isa = PBXVariantGroup;
			children = (
				3EFA0F832261091F00FA4635 /* Base */,
			);
			name = LaunchScreen.storyboard;
			sourceTree = "<group>";
		};
/* End PBXVariantGroup section */

/* Begin XCBuildConfiguration section */
		3EFA0F912261092000FA4635 /* Debug */ = {
			isa = XCBuildConfiguration;
			buildSettings = {
				ALWAYS_SEARCH_USER_PATHS = NO;
				CLANG_ANALYZER_NONNULL = YES;
				CLANG_ANALYZER_NUMBER_OBJECT_CONVERSION = YES_AGGRESSIVE;
				CLANG_CXX_LANGUAGE_STANDARD = "gnu++14";
				CLANG_CXX_LIBRARY = "libc++";
				CLANG_ENABLE_MODULES = YES;
				CLANG_ENABLE_OBJC_ARC = YES;
				CLANG_ENABLE_OBJC_WEAK = YES;
				CLANG_WARN_BLOCK_CAPTURE_AUTORELEASING = YES;
				CLANG_WARN_BOOL_CONVERSION = YES;
				CLANG_WARN_COMMA = YES;
				CLANG_WARN_CONSTANT_CONVERSION = YES;
				CLANG_WARN_DEPRECATED_OBJC_IMPLEMENTATIONS = YES;
				CLANG_WARN_DIRECT_OBJC_ISA_USAGE = YES_ERROR;
				CLANG_WARN_DOCUMENTATION_COMMENTS = YES;
				CLANG_WARN_EMPTY_BODY = YES;
				CLANG_WARN_ENUM_CONVERSION = YES;
				CLANG_WARN_INFINITE_RECURSION = YES;
				CLANG_WARN_INT_CONVERSION = YES;
				CLANG_WARN_NON_LITERAL_NULL_CONVERSION = YES;
				CLANG_WARN_OBJC_IMPLICIT_RETAIN_SELF = YES;
				CLANG_WARN_OBJC_LITERAL_CONVERSION = YES;
				CLANG_WARN_OBJC_ROOT_CLASS = YES_ERROR;
				CLANG_WARN_RANGE_LOOP_ANALYSIS = YES;
				CLANG_WARN_STRICT_PROTOTYPES = YES;
				CLANG_WARN_SUSPICIOUS_MOVE = YES;
				CLANG_WARN_UNGUARDED_AVAILABILITY = YES_AGGRESSIVE;
				CLANG_WARN_UNREACHABLE_CODE = YES;
				CLANG_WARN__DUPLICATE_METHOD_MATCH = YES;
				CODE_SIGN_IDENTITY = "iPhone Developer";
				COPY_PHASE_STRIP = NO;
				DEBUG_INFORMATION_FORMAT = dwarf;
				ENABLE_STRICT_OBJC_MSGSEND = YES;
				ENABLE_TESTABILITY = YES;
				GCC_C_LANGUAGE_STANDARD = gnu11;
				GCC_DYNAMIC_NO_PIC = NO;
				GCC_NO_COMMON_BLOCKS = YES;
				GCC_OPTIMIZATION_LEVEL = 0;
				GCC_PREPROCESSOR_DEFINITIONS = (
					"DEBUG=1",
					"$(inherited)",
				);
				GCC_WARN_64_TO_32_BIT_CONVERSION = YES;
				GCC_WARN_ABOUT_RETURN_TYPE = YES_ERROR;
				GCC_WARN_UNDECLARED_SELECTOR = YES;
				GCC_WARN_UNINITIALIZED_AUTOS = YES_AGGRESSIVE;
				GCC_WARN_UNUSED_FUNCTION = YES;
				GCC_WARN_UNUSED_VARIABLE = YES;
				IPHONEOS_DEPLOYMENT_TARGET = 12.1;
				MTL_ENABLE_DEBUG_INFO = INCLUDE_SOURCE;
				MTL_FAST_MATH = YES;
				ONLY_ACTIVE_ARCH = YES;
				SDKROOT = iphoneos;
				SWIFT_ACTIVE_COMPILATION_CONDITIONS = DEBUG;
				SWIFT_OPTIMIZATION_LEVEL = "-Onone";
				VALIDATE_PRODUCT = YES;
			};
			name = Debug;
		};
		3EFA0F922261092000FA4635 /* Release */ = {
			isa = XCBuildConfiguration;
			buildSettings = {
				ALWAYS_SEARCH_USER_PATHS = NO;
				CLANG_ANALYZER_NONNULL = YES;
				CLANG_ANALYZER_NUMBER_OBJECT_CONVERSION = YES_AGGRESSIVE;
				CLANG_CXX_LANGUAGE_STANDARD = "gnu++14";
				CLANG_CXX_LIBRARY = "libc++";
				CLANG_ENABLE_MODULES = YES;
				CLANG_ENABLE_OBJC_ARC = YES;
				CLANG_ENABLE_OBJC_WEAK = YES;
				CLANG_WARN_BLOCK_CAPTURE_AUTORELEASING = YES;
				CLANG_WARN_BOOL_CONVERSION = YES;
				CLANG_WARN_COMMA = YES;
				CLANG_WARN_CONSTANT_CONVERSION = YES;
				CLANG_WARN_DEPRECATED_OBJC_IMPLEMENTATIONS = YES;
				CLANG_WARN_DIRECT_OBJC_ISA_USAGE = YES_ERROR;
				CLANG_WARN_DOCUMENTATION_COMMENTS = YES;
				CLANG_WARN_EMPTY_BODY = YES;
				CLANG_WARN_ENUM_CONVERSION = YES;
				CLANG_WARN_INFINITE_RECURSION = YES;
				CLANG_WARN_INT_CONVERSION = YES;
				CLANG_WARN_NON_LITERAL_NULL_CONVERSION = YES;
				CLANG_WARN_OBJC_IMPLICIT_RETAIN_SELF = YES;
				CLANG_WARN_OBJC_LITERAL_CONVERSION = YES;
				CLANG_WARN_OBJC_ROOT_CLASS = YES_ERROR;
				CLANG_WARN_RANGE_LOOP_ANALYSIS = YES;
				CLANG_WARN_STRICT_PROTOTYPES = YES;
				CLANG_WARN_SUSPICIOUS_MOVE = YES;
				CLANG_WARN_UNGUARDED_AVAILABILITY = YES_AGGRESSIVE;
				CLANG_WARN_UNREACHABLE_CODE = YES;
				CLANG_WARN__DUPLICATE_METHOD_MATCH = YES;
				CODE_SIGN_IDENTITY = "iPhone Developer";
				COPY_PHASE_STRIP = NO;
				DEBUG_INFORMATION_FORMAT = "dwarf-with-dsym";
				ENABLE_NS_ASSERTIONS = NO;
				ENABLE_STRICT_OBJC_MSGSEND = YES;
				GCC_C_LANGUAGE_STANDARD = gnu11;
				GCC_NO_COMMON_BLOCKS = YES;
				GCC_WARN_64_TO_32_BIT_CONVERSION = YES;
				GCC_WARN_ABOUT_RETURN_TYPE = YES_ERROR;
				GCC_WARN_UNDECLARED_SELECTOR = YES;
				GCC_WARN_UNINITIALIZED_AUTOS = YES_AGGRESSIVE;
				GCC_WARN_UNUSED_FUNCTION = YES;
				GCC_WARN_UNUSED_VARIABLE = YES;
				IPHONEOS_DEPLOYMENT_TARGET = 12.1;
				MTL_ENABLE_DEBUG_INFO = NO;
				MTL_FAST_MATH = YES;
				SDKROOT = iphoneos;
				SWIFT_COMPILATION_MODE = wholemodule;
				SWIFT_OPTIMIZATION_LEVEL = "-O";
				VALIDATE_PRODUCT = YES;
			};
			name = Release;
		};
		3EFA0F942261092000FA4635 /* Debug */ = {
			isa = XCBuildConfiguration;
			buildSettings = {
				ASSETCATALOG_COMPILER_APPICON_NAME = AppIcon;
				CODE_SIGN_STYLE = Automatic;
				DEVELOPMENT_TEAM = VGYH3X6V8G;
				INFOPLIST_FILE = "MemeMe 1.0/Info.plist";
				LD_RUNPATH_SEARCH_PATHS = (
					"$(inherited)",
					"@executable_path/Frameworks",
				);
				PRODUCT_BUNDLE_IDENTIFIER = "com.udacity.MemeMe-1.0";
				PRODUCT_NAME = "$(TARGET_NAME)";
				SWIFT_VERSION = 4.2;
				TARGETED_DEVICE_FAMILY = "1,2";
			};
			name = Debug;
		};
		3EFA0F952261092000FA4635 /* Release */ = {
			isa = XCBuildConfiguration;
			buildSettings = {
				ASSETCATALOG_COMPILER_APPICON_NAME = AppIcon;
				CODE_SIGN_STYLE = Automatic;
				DEVELOPMENT_TEAM = VGYH3X6V8G;
				INFOPLIST_FILE = "MemeMe 1.0/Info.plist";
				LD_RUNPATH_SEARCH_PATHS = (
					"$(inherited)",
					"@executable_path/Frameworks",
				);
				PRODUCT_BUNDLE_IDENTIFIER = "com.udacity.MemeMe-1.0";
				PRODUCT_NAME = "$(TARGET_NAME)";
				SWIFT_VERSION = 4.2;
				TARGETED_DEVICE_FAMILY = "1,2";
			};
			name = Release;
		};
		3EFA0F972261092000FA4635 /* Debug */ = {
			isa = XCBuildConfiguration;
			buildSettings = {
				ALWAYS_EMBED_SWIFT_STANDARD_LIBRARIES = YES;
				BUNDLE_LOADER = "$(TEST_HOST)";
				CODE_SIGN_STYLE = Automatic;
				DEVELOPMENT_TEAM = VGYH3X6V8G;
				INFOPLIST_FILE = "MemeMe 1.0Tests/Info.plist";
				LD_RUNPATH_SEARCH_PATHS = (
					"$(inherited)",
					"@executable_path/Frameworks",
					"@loader_path/Frameworks",
				);
				PRODUCT_BUNDLE_IDENTIFIER = "com.udacity.MemeMe-1-0Tests";
				PRODUCT_NAME = "$(TARGET_NAME)";
				SWIFT_VERSION = 4.2;
				TARGETED_DEVICE_FAMILY = "1,2";
				TEST_HOST = "$(BUILT_PRODUCTS_DIR)/MemeMe 1.0.app/MemeMe 1.0";
			};
			name = Debug;
		};
		3EFA0F982261092000FA4635 /* Release */ = {
			isa = XCBuildConfiguration;
			buildSettings = {
				ALWAYS_EMBED_SWIFT_STANDARD_LIBRARIES = YES;
				BUNDLE_LOADER = "$(TEST_HOST)";
				CODE_SIGN_STYLE = Automatic;
				DEVELOPMENT_TEAM = VGYH3X6V8G;
				INFOPLIST_FILE = "MemeMe 1.0Tests/Info.plist";
				LD_RUNPATH_SEARCH_PATHS = (
					"$(inherited)",
					"@executable_path/Frameworks",
					"@loader_path/Frameworks",
				);
				PRODUCT_BUNDLE_IDENTIFIER = "com.udacity.MemeMe-1-0Tests";
				PRODUCT_NAME = "$(TARGET_NAME)";
				SWIFT_VERSION = 4.2;
				TARGETED_DEVICE_FAMILY = "1,2";
				TEST_HOST = "$(BUILT_PRODUCTS_DIR)/MemeMe 1.0.app/MemeMe 1.0";
			};
			name = Release;
		};
/* End XCBuildConfiguration section */

/* Begin XCConfigurationList section */
		3EFA0F712261091600FA4635 /* Build configuration list for PBXProject "MemeMe 1.0" */ = {
			isa = XCConfigurationList;
			buildConfigurations = (
				3EFA0F912261092000FA4635 /* Debug */,
				3EFA0F922261092000FA4635 /* Release */,
			);
			defaultConfigurationIsVisible = 0;
			defaultConfigurationName = Release;
		};
		3EFA0F932261092000FA4635 /* Build configuration list for PBXNativeTarget "MemeMe 1.0" */ = {
			isa = XCConfigurationList;
			buildConfigurations = (
				3EFA0F942261092000FA4635 /* Debug */,
				3EFA0F952261092000FA4635 /* Release */,
			);
			defaultConfigurationIsVisible = 0;
			defaultConfigurationName = Release;
		};
		3EFA0F962261092000FA4635 /* Build configuration list for PBXNativeTarget "MemeMe 1.0Tests" */ = {
			isa = XCConfigurationList;
			buildConfigurations = (
				3EFA0F972261092000FA4635 /* Debug */,
				3EFA0F982261092000FA4635 /* Release */,
			);
			defaultConfigurationIsVisible = 0;
			defaultConfigurationName = Release;
		};
/* End XCConfigurationList section */
	};
	rootObject = 3EFA0F6E2261091600FA4635 /* Project object */;
}
